<?xml version="1.0" encoding="utf-8"?>
<Project ToolsVersion="4.0" xmlns="http://schemas.microsoft.com/developer/msbuild/2003">
  <ItemGroup>
    <ClCompile Include="Source\Utility\Common.cpp" />
    <ClCompile Include="Source\Utility\Timer.cpp" />
    <ClCompile Include="Source\Window\Window.cpp" />
    <ClCompile Include="Source\Exception\WindowException.cpp" />
    <ClCompile Include="ThirdParty\WindowsMessageMap.cpp" />
    <ClCompile Include="Source\Hardware\Keyboard.cpp" />
    <ClCompile Include="Source\Hardware\Mouse.cpp" />
    <ClCompile Include="Source\Exception\DxgiInfoManager.cpp" />
    <ClCompile Include="Source\Graphics\Graphics.cpp" />
    <ClCompile Include="Source\Exception\GraphicsException.cpp" />
    <ClCompile Include="Source\Graphics\DX\CommandQueue.cpp" />
    <ClCompile Include="Source\Graphics\DX\DXDevice.cpp" />
    <ClCompile Include="Source\Graphics\DX\GPUAdapter.cpp" />
    <ClCompile Include="Source\Graphics\DX\SwapChain.cpp" />
    <ClCompile Include="Source\Exception\Exception.cpp" />
    <ClCompile Include="Source\Console\Console.cpp" />
    <ClCompile Include="Source\DiveBomberCore.cpp" />
    <ClCompile Include="Source\WinMain.cpp" />
    <ClCompile Include="Source\Graphics\BindableObject\Vertex.cpp" />
    <ClCompile Include="Source\Utility\Color.h" />
    <ClCompile Include="Source\Graphics\BindableObject\VertexBuffer.cpp" />
    <ClCompile Include="Source\Graphics\BindableObject\IndexBuffer.cpp" />
    <ClCompile Include="Source\Graphics\DX\CommandList.cpp" />
    <ClCompile Include="Source\Graphics\BindableObject\Shader.cpp" />
    <ClCompile Include="Source\Graphics\BindableObject\RootSignature.cpp" />
    <ClCompile Include="Source\Graphics\BindableObject\PipelineStateObject.cpp" />
    <ClCompile Include="Source\Graphics\BindableObject\Topology.cpp" />
    <ClCompile Include="Source\Graphics\BindableObject\RenderTarget.cpp" />
    <ClCompile Include="Source\Graphics\BindableObject\DepthStencil.cpp" />
    <ClCompile Include="Source\Graphics\RenderPipeline\RenderPipelineGraph.cpp" />
    <ClCompile Include="Source\Utility\GlobalParameters.cpp" />
    <ClCompile Include="Source\Graphics\DX\Viewport.cpp" />
    <ClCompile Include="Source\Graphics\DX\ScissorRects.cpp" />
    <ClCompile Include="Source\Graphics\Component\Camera.cpp" />
    <ClCompile Include="Source\Graphics\Component\Projection.cpp" />
    <ClCompile Include="Source\Graphics\BindableObject\ConstantTransformBuffer.cpp" />
    <ClCompile Include="Source\Graphics\DX\UploadBuffer.cpp" />
    <ClCompile Include="Source\Graphics\DX\DescriptorAllocation.cpp" />
    <ClCompile Include="Source\Graphics\DX\DescriptorAllocator.cpp" />
    <ClCompile Include="Source\Graphics\DX\DescriptorAllocatorPage.cpp" />
    <ClCompile Include="Source\Graphics\DX\DynamicDescriptorHeap.cpp" />
    <ClCompile Include="Source\Graphics\BindableObject\Texture.cpp" />
    <ClCompile Include="Source\Graphics\DX\ResourceStateTracker.cpp" />
    <ClCompile Include="Source\Scene\Scene.cpp" />
    <ClCompile Include="Source\Graphics\DrawableObject\Drawable.cpp" />
    <ClCompile Include="Source\Graphics\DrawableObject\SimpleSphere.cpp" />
    <ClCompile Include="Source\Graphics\Component\Mesh.cpp" />
    <ClCompile Include="Source\Graphics\DrawableObject\Model.cpp" />
    <ClCompile Include="Source\Graphics\Component\Material.cpp" />
    <ClCompile Include="Source\Graphics\DX\ShaderManager.cpp" />
    <ClCompile Include="Source\Graphics\BindableObject\DynamicConstant.cpp" />
    <ClCompile Include="Source\Graphics\BindableObject\GlobalBindableManager.cpp" />
  </ItemGroup>
  <ItemGroup>
    <ClInclude Include="Source\Utility\Common.h" />
    <ClInclude Include="Source\Utility\Timer.h" />
    <ClInclude Include="Source\Graphics\DEWrl.h" />
    <ClInclude Include="Source\Window\Window.h" />
    <ClInclude Include="Source\Exception\WindowException.h" />
    <ClInclude Include="Source\Window\DEWindows.h" />
    <ClInclude Include="ThirdParty\WindowsMessageMap.h" />
    <ClInclude Include="Source\Hardware\Mouse.h" />
    <ClInclude Include="Source\Hardware\Keyboard.h" />
    <ClInclude Include="Source\Utility\GlobalParameters.h" />
    <ClInclude Include="Source\Exception\DxgiInfoManager.h" />
    <ClInclude Include="Source\Graphics\Graphics.h" />
    <ClInclude Include="Source\Exception\GraphicsException.h" />
    <ClInclude Include="Source\Graphics\DX\SwapChain.h" />
    <ClInclude Include="Source\Graphics\DX\CommandQueue.h" />
    <ClInclude Include="Source\Graphics\DX\DXDevice.h" />
    <ClInclude Include="Source\Graphics\DX\GPUAdapter.h" />
    <ClInclude Include="Source\Exception\Exception.h" />
    <ClInclude Include="Source\Console\Console.h" />
    <ClInclude Include="Source\DiveBomberCore.h" />
    <ClInclude Include="Config\SystemConfig.h" />
    <ClInclude Include="Source\Graphics\BindableObject\Vertex.h" />
    <ClInclude Include="Source\Graphics\BindableObject\Bindable.h" />
    <ClInclude Include="Source\Graphics\BindableObject\VertexBuffer.h" />
    <ClInclude Include="Source\Graphics\BindableObject\Geometry\Cube.h" />
    <ClInclude Include="Source\Graphics\BindableObject\Geometry\IndexedTriangleList.h" />
    <ClInclude Include="Source\Graphics\BindableObject\Geometry\MiscShape.h" />
    <ClInclude Include="Source\Graphics\BindableObject\Geometry\Plane.h" />
    <ClInclude Include="Source\Graphics\BindableObject\Geometry\Sphere.h" />
    <ClInclude Include="Source\Utility\DEMath.h" />
    <ClInclude Include="Source\Graphics\BindableObject\IndexBuffer.h" />
    <ClInclude Include="Source\Graphics\DX\CommandList.h" />
    <ClInclude Include="Source\Graphics\BindableObject\Shader.h" />
    <ClInclude Include="Source\Graphics\BindableObject\RootSignature.h" />
    <ClInclude Include="Source\Graphics\BindableObject\PipelineStateObject.h" />
    <ClInclude Include="Source\Graphics\BindableObject\Topology.h" />
    <ClInclude Include="Source\Graphics\BindableObject\BindableObjectCommon.h" />
    <ClInclude Include="Source\Graphics\BindableObject\RenderTarget.h" />
    <ClInclude Include="Source\Graphics\BindableObject\DepthStencil.h" />
    <ClInclude Include="Source\Graphics\RenderPipeline\RenderPipelineGraph.h" />
    <ClInclude Include="Source\Graphics\BindableObject\BindableTarget.h" />
    <ClInclude Include="Source\Graphics\DX\Viewport.h" />
    <ClInclude Include="Source\Graphics\DX\ScissorRects.h" />
    <ClInclude Include="Source\Graphics\BindableObject\ConstantBuffer.h" />
    <ClInclude Include="Source\Graphics\Component\Camera.h" />
    <ClInclude Include="Source\Graphics\Component\Projection.h" />
    <ClInclude Include="Source\Graphics\BindableObject\ConstantTransformBuffer.h" />
    <ClInclude Include="Source\Exception\GraphicsExceptionEX.h" />
    <ClInclude Include="Source\Graphics\GraphicsHeader.h" />
    <ClInclude Include="Source\Graphics\GraphicsSource.h" />
    <ClInclude Include="ThirdParty\ThreadSafeQueue.h" />
    <ClInclude Include="Source\Graphics\DX\UploadBuffer.h" />
    <ClInclude Include="Source\Graphics\DX\DescriptorAllocation.h" />
    <ClInclude Include="Source\Graphics\DX\DescriptorAllocator.h" />
    <ClInclude Include="Source\Graphics\DX\DescriptorAllocatorPage.h" />
    <ClInclude Include="Source\Graphics\DX\DynamicDescriptorHeap.h" />
    <ClInclude Include="Source\Graphics\BindableObject\Texture.h" />
    <ClInclude Include="Source\Graphics\DX\ResourceStateTracker.h" />
    <ClInclude Include="Source\Graphics\DEDirextX.h" />
    <ClInclude Include="Source\Scene\Scene.h" />
    <ClInclude Include="Source\Graphics\DrawableObject\Drawable.h" />
    <ClInclude Include="Source\Graphics\DrawableObject\SimpleSphere.h" />
    <ClInclude Include="Source\Graphics\Component\Mesh.h" />
    <ClInclude Include="Source\Graphics\DrawableObject\Model.h" />
    <ClInclude Include="Source\Graphics\Component\Material.h" />
    <ClInclude Include="Source\Graphics\BindableObject\ConstantBufferInHeap.h" />
    <ClInclude Include="Source\Graphics\DX\ShaderManager.h" />
    <ClInclude Include="Source\Graphics\BindableObject\GlobalBindableManager.h" />
    <ClInclude Include="Source\Graphics\BindableObject\DynamicConstant.h" />
    <ClInclude Include="Source\Graphics\BindableObject\DynamicConstantBuffer.h" />
    <ClInclude Include="Source\Graphics\BindableObject\DynamicConstantBufferInHeap.h" />
    <ClInclude Include="ThirdParty\json.hpp" />
    <ClInclude Include="Source\Utility\DEJson.h" />
  </ItemGroup>
  <ItemGroup>
    <None Include="packages.config" />
  </ItemGroup>
  <ItemGroup>
    <ResourceCompile Include="Resource\Resource.rc" />
  </ItemGroup>
</Project>