<?xml version="1.0" encoding="utf-8"?>
<Project ToolsVersion="4.0" xmlns="http://schemas.microsoft.com/developer/msbuild/2003">
  <ItemGroup>
    <Filter Include="Resource Files">
      <UniqueIdentifier>{67DA6AB6-F800-4c08-8B7A-83BB121AAD01}</UniqueIdentifier>
      <Extensions>rc;ico;cur;bmp;dlg;rc2;rct;bin;rgs;gif;jpg;jpeg;jpe;resx;tiff;tif;png;wav;mfcribbon-ms</Extensions>
    </Filter>
    <Filter Include="Window">
      <UniqueIdentifier>{60b8e0c2-fb9a-455f-a49a-8850e8a4cdeb}</UniqueIdentifier>
    </Filter>
    <Filter Include="Core">
      <UniqueIdentifier>{1e00bb68-8748-4481-a329-92384bba1dd7}</UniqueIdentifier>
    </Filter>
    <Filter Include="Common">
      <UniqueIdentifier>{393425c6-cba3-4fc9-bcea-4098f09c329a}</UniqueIdentifier>
    </Filter>
    <Filter Include="Graphics">
      <UniqueIdentifier>{1f22daf2-b682-41f1-9b67-a8a55d31c867}</UniqueIdentifier>
    </Filter>
    <Filter Include="Exception">
      <UniqueIdentifier>{5cf694c2-fbee-4f70-a206-d2425a9ed433}</UniqueIdentifier>
    </Filter>
    <Filter Include="Hardware">
      <UniqueIdentifier>{ae7a7696-b11d-43ca-a4f6-5cc740ac1c1c}</UniqueIdentifier>
    </Filter>
  </ItemGroup>
  <ItemGroup>
    <ClCompile Include="Window.cpp">
      <Filter>Window</Filter>
    </ClCompile>
    <ClCompile Include="DiveBomberCore.cpp">
      <Filter>Core</Filter>
    </ClCompile>
    <ClCompile Include="WinMain.cpp">
      <Filter>Core</Filter>
    </ClCompile>
    <ClCompile Include="Exception.cpp">
      <Filter>Exception</Filter>
    </ClCompile>
    <ClCompile Include="WindowException.cpp">
      <Filter>Window</Filter>
    </ClCompile>
    <ClCompile Include="Keyboard.cpp">
      <Filter>Hardware</Filter>
    </ClCompile>
    <ClCompile Include="Mouse.cpp">
      <Filter>Hardware</Filter>
    </ClCompile>
  </ItemGroup>
  <ItemGroup>
    <ClInclude Include="Window.h">
      <Filter>Window</Filter>
    </ClInclude>
    <ClInclude Include="DiveBomberCore.h">
      <Filter>Core</Filter>
    </ClInclude>
    <ClInclude Include="Common.h">
      <Filter>Common</Filter>
    </ClInclude>
    <ClInclude Include="Exception.h">
      <Filter>Exception</Filter>
    </ClInclude>
    <ClInclude Include="WindowException.h">
      <Filter>Window</Filter>
    </ClInclude>
    <ClInclude Include="Keyboard.h">
      <Filter>Hardware</Filter>
    </ClInclude>
    <ClInclude Include="resource.h">
      <Filter>Resource Files</Filter>
    </ClInclude>
    <ClInclude Include="Mouse.h">
      <Filter>Hardware</Filter>
    </ClInclude>
  </ItemGroup>
  <ItemGroup>
    <Image Include="C:\Users\H\Downloads\DiveBomberIcon.ico">
      <Filter>Resource Files</Filter>
    </Image>
  </ItemGroup>
  <ItemGroup>
    <ResourceCompile Include="Resource.rc">
      <Filter>Resource Files</Filter>
    </ResourceCompile>
  </ItemGroup>
</Project>