<?xml version="1.0" encoding="utf-8"?>
<Project ToolsVersion="4.0" xmlns="http://schemas.microsoft.com/developer/msbuild/2003">
  <ItemGroup>
    <ClCompile Include="Source\Utility\Common.cpp" />
    <ClCompile Include="Source\Utility\Timer.cpp" />
    <ClCompile Include="Source\Window\Window.cpp" />
    <ClCompile Include="Source\Exception\WindowException.cpp" />
    <ClCompile Include="Source\Window\WindowsMessageMap.cpp" />
    <ClCompile Include="Source\Hardware\Keyboard.cpp" />
    <ClCompile Include="Source\Hardware\Mouse.cpp" />
    <ClCompile Include="Source\Exception\DxgiInfoManager.cpp" />
    <ClCompile Include="Source\Graphics\Graphics.cpp" />
    <ClCompile Include="Source\Exception\GraphicsException.cpp" />
    <ClCompile Include="Source\Graphics\DX\CommandQueue.cpp" />
    <ClCompile Include="Source\Graphics\DX\DescriptorHeap.cpp" />
    <ClCompile Include="Source\Graphics\DX\DXDevice.cpp" />
    <ClCompile Include="Source\Graphics\DX\GPUAdapter.cpp" />
    <ClCompile Include="Source\Graphics\DX\SwapChain.cpp" />
    <ClCompile Include="Source\Exception\Exception.cpp" />
    <ClCompile Include="Source\Console\Console.cpp" />
    <ClCompile Include="Source\DiveBomberCore.cpp" />
    <ClCompile Include="Source\WinMain.cpp" />
    <ClCompile Include="Source\Graphics\BindObj\Vertex.cpp" />
    <ClCompile Include="Source\Utility\Color.h" />
    <ClCompile Include="Source\Graphics\BindObj\VertexBuffer.cpp" />
  </ItemGroup>
  <ItemGroup>
    <ClInclude Include="Source\Utility\Common.h" />
    <ClInclude Include="Source\Graphics\DX\d3dx12.h" />
    <ClInclude Include="Source\Utility\Timer.h" />
    <ClInclude Include="Source\Graphics\DEWrl.h" />
    <ClInclude Include="Source\Window\Window.h" />
    <ClInclude Include="Source\Exception\WindowException.h" />
    <ClInclude Include="Source\Window\DEWindows.h" />
    <ClInclude Include="Source\Window\WindowsMessageMap.h" />
    <ClInclude Include="Resource\resource.h" />
    <ClInclude Include="Source\Hardware\Mouse.h" />
    <ClInclude Include="Source\Hardware\Keyboard.h" />
    <ClInclude Include="Source\Utility\RenderStatistics.h" />
    <ClInclude Include="Source\Exception\DxgiInfoManager.h" />
    <ClInclude Include="Source\Graphics\Graphics.h" />
    <ClInclude Include="Source\Exception\GraphicsException.h" />
    <ClInclude Include="Source\Graphics\GraphicsResource.h" />
    <ClInclude Include="Source\Graphics\DX\SwapChain.h" />
    <ClInclude Include="Source\Graphics\DX\CommandQueue.h" />
    <ClInclude Include="Source\Graphics\DX\DescriptorHeap.h" />
    <ClInclude Include="Source\Graphics\DX\DXDevice.h" />
    <ClInclude Include="Source\Graphics\DX\GPUAdapter.h" />
    <ClInclude Include="Source\Exception\Exception.h" />
    <ClInclude Include="Source\Console\Console.h" />
    <ClInclude Include="Source\DiveBomberCore.h" />
    <ClInclude Include="Config\SystemConfig.h" />
    <ClInclude Include="Source\Window\WindowResource.h" />
    <ClInclude Include="Source\Graphics\BindObj\Vertex.h" />
    <ClInclude Include="Source\Graphics\BindObj\Bindable.h" />
    <ClInclude Include="Source\Graphics\BindObj\VertexBuffer.h" />
    <ClInclude Include="Source\Graphics\BindObj\BindableCodex.h" />
    <ClInclude Include="Source\Graphics\BindObj\Geometry\Cube.h" />
    <ClInclude Include="Source\Graphics\BindObj\Geometry\IndexedTriangleList.h" />
    <ClInclude Include="Source\Graphics\BindObj\Geometry\MiscShape.h" />
    <ClInclude Include="Source\Graphics\BindObj\Geometry\Plane.h" />
    <ClInclude Include="Source\Graphics\BindObj\Geometry\Sphere.h" />
    <ClInclude Include="Source\Utility\DEMath.h" />
  </ItemGroup>
  <ItemGroup>
    <ResourceCompile Include="Resource\Resource.rc" />
  </ItemGroup>
  <ItemGroup>
    <None Include="Resource\Resource.aps" />
  </ItemGroup>
  <ItemGroup>
    <Image Include="Resource\DiveBomberIcon.ico" />
  </ItemGroup>
  <ItemGroup>
    <FxCompile Include="Shader\VertexShader.hlsl" />
    <FxCompile Include="Shader\PixelShader.hlsl" />
  </ItemGroup>
</Project>